
Microsoft Visual Studio Solution File, Format Version 12.00
# Visual Studio Version 17
VisualStudioVersion = 17.11.35312.102
MinimumVisualStudioVersion = 10.0.40219.1
Project("{FAE04EC0-301F-11D3-BF4B-00C04F79EFBC}") = "WebTemplate.Api", "WebTemplate.Api\WebTemplate.Api.csproj", "{37780DC9-2EF4-4680-B6AA-8532DEBB3064}"
EndProject
Project("{FAE04EC0-301F-11D3-BF4B-00C04F79EFBC}") = "WebTemplate.DAL", "WebTemplate.DAL\WebTemplate.DAL.csproj", "{5924224C-F89F-40E8-BFA2-0011138A1C83}"
EndProject
Project("{FAE04EC0-301F-11D3-BF4B-00C04F79EFBC}") = "WebTemplate.DTO", "WebTemplate.DTO\WebTemplate.DTO.csproj", "{D3C4F6E4-91A3-47C1-8EA5-591FCB166533}"
EndProject
Project("{FAE04EC0-301F-11D3-BF4B-00C04F79EFBC}") = "WebTemplate.Services", "WebTemplate.Services\WebTemplate.Services.csproj", "{EA7D843F-2900-48EE-9134-3FD8BD25BF1C}"
EndProject
Project("{FAE04EC0-301F-11D3-BF4B-00C04F79EFBC}") = "WebTemplate.Info", "WebTemplate.Info\WebTemplate.Info.csproj", "{4F2061DC-201F-45C1-AFC1-39FC6FF5F1D4}"
EndProject
Global
	GlobalSection(SolutionConfigurationPlatforms) = preSolution
		Debug|Any CPU = Debug|Any CPU
		Release|Any CPU = Release|Any CPU
	EndGlobalSection
	GlobalSection(ProjectConfigurationPlatforms) = postSolution
		{37780DC9-2EF4-4680-B6AA-8532DEBB3064}.Debug|Any CPU.ActiveCfg = Debug|Any CPU
		{37780DC9-2EF4-4680-B6AA-8532DEBB3064}.Debug|Any CPU.Build.0 = Debug|Any CPU
		{37780DC9-2EF4-4680-B6AA-8532DEBB3064}.Release|Any CPU.ActiveCfg = Release|Any CPU
		{37780DC9-2EF4-4680-B6AA-8532DEBB3064}.Release|Any CPU.Build.0 = Release|Any CPU
		{5924224C-F89F-40E8-BFA2-0011138A1C83}.Debug|Any CPU.ActiveCfg = Debug|Any CPU
		{5924224C-F89F-40E8-BFA2-0011138A1C83}.Debug|Any CPU.Build.0 = Debug|Any CPU
		{5924224C-F89F-40E8-BFA2-0011138A1C83}.Release|Any CPU.ActiveCfg = Release|Any CPU
		{5924224C-F89F-40E8-BFA2-0011138A1C83}.Release|Any CPU.Build.0 = Release|Any CPU
		{D3C4F6E4-91A3-47C1-8EA5-591FCB166533}.Debug|Any CPU.ActiveCfg = Debug|Any CPU
		{D3C4F6E4-91A3-47C1-8EA5-591FCB166533}.Debug|Any CPU.Build.0 = Debug|Any CPU
		{D3C4F6E4-91A3-47C1-8EA5-591FCB166533}.Release|Any CPU.ActiveCfg = Release|Any CPU
		{D3C4F6E4-91A3-47C1-8EA5-591FCB166533}.Release|Any CPU.Build.0 = Release|Any CPU
		{EA7D843F-2900-48EE-9134-3FD8BD25BF1C}.Debug|Any CPU.ActiveCfg = Debug|Any CPU
		{EA7D843F-2900-48EE-9134-3FD8BD25BF1C}.Debug|Any CPU.Build.0 = Debug|Any CPU
		{EA7D843F-2900-48EE-9134-3FD8BD25BF1C}.Release|Any CPU.ActiveCfg = Release|Any CPU
		{EA7D843F-2900-48EE-9134-3FD8BD25BF1C}.Release|Any CPU.Build.0 = Release|Any CPU
		{4F2061DC-201F-45C1-AFC1-39FC6FF5F1D4}.Debug|Any CPU.ActiveCfg = Debug|Any CPU
		{4F2061DC-201F-45C1-AFC1-39FC6FF5F1D4}.Debug|Any CPU.Build.0 = Debug|Any CPU
		{4F2061DC-201F-45C1-AFC1-39FC6FF5F1D4}.Release|Any CPU.ActiveCfg = Release|Any CPU
		{4F2061DC-201F-45C1-AFC1-39FC6FF5F1D4}.Release|Any CPU.Build.0 = Release|Any CPU
	EndGlobalSection
	GlobalSection(SolutionProperties) = preSolution
		HideSolutionNode = FALSE
	EndGlobalSection
	GlobalSection(ExtensibilityGlobals) = postSolution
		SolutionGuid = {6FBD8623-81E8-4113-8D41-2B0B3FCCFFAA}
	EndGlobalSection
EndGlobal
